// !$*UTF8*$!
{
	archiveVersion = 1;
	classes = {
	};
	objectVersion = 50;
	objects = {

/* Begin PBXFileReference section */
		0DF63F1E27E11ADF008A65F3 /* index.html */ = {isa = PBXFileReference; lastKnownFileType = text.html; path = index.html; sourceTree = "<group>"; };
		0DF63F2C27E2C0DB008A65F3 /* artwork.html */ = {isa = PBXFileReference; lastKnownFileType = text.html; path = artwork.html; sourceTree = "<group>"; };
		0DF63F2E27E2C0DB008A65F3 /* main.css */ = {isa = PBXFileReference; lastKnownFileType = text.css; path = main.css; sourceTree = "<group>"; };
		0DF63F3127E2C0DB008A65F3 /* breakpoints.min.js */ = {isa = PBXFileReference; lastKnownFileType = sourcecode.javascript; path = breakpoints.min.js; sourceTree = "<group>"; };
		0DF63F3227E2C0DB008A65F3 /* util.js */ = {isa = PBXFileReference; lastKnownFileType = sourcecode.javascript; path = util.js; sourceTree = "<group>"; };
		0DF63F3327E2C0DB008A65F3 /* jquery.scrolly.min.js */ = {isa = PBXFileReference; lastKnownFileType = sourcecode.javascript; path = jquery.scrolly.min.js; sourceTree = "<group>"; };
		0DF63F3427E2C0DB008A65F3 /* jquery.min.js */ = {isa = PBXFileReference; lastKnownFileType = sourcecode.javascript; path = jquery.min.js; sourceTree = "<group>"; };
		0DF63F3527E2C0DB008A65F3 /* main.js */ = {isa = PBXFileReference; lastKnownFileType = sourcecode.javascript; path = main.js; sourceTree = "<group>"; };
		0DF63F3627E2C0DB008A65F3 /* jquery.scrollex.min.js */ = {isa = PBXFileReference; lastKnownFileType = sourcecode.javascript; path = jquery.scrollex.min.js; sourceTree = "<group>"; };
		0DF63F3727E2C0DB008A65F3 /* browser.min.js */ = {isa = PBXFileReference; lastKnownFileType = sourcecode.javascript; path = browser.min.js; sourceTree = "<group>"; };
		0DF63F3827E2C0DB008A65F3 /* about.html */ = {isa = PBXFileReference; lastKnownFileType = text.html; path = about.html; sourceTree = "<group>"; };
		0DF63F3927E2C0DB008A65F3 /* poetry.html */ = {isa = PBXFileReference; lastKnownFileType = text.html; path = poetry.html; sourceTree = "<group>"; };
		0DF63F3A27E2C0DB008A65F3 /* essays.html */ = {isa = PBXFileReference; lastKnownFileType = text.html; path = essays.html; sourceTree = "<group>"; };
		0DF63F3C27E2C984008A65F3 /* man.gif */ = {isa = PBXFileReference; lastKnownFileType = image.gif; path = man.gif; sourceTree = "<group>"; };
		0DF63F4027E2FA79008A65F3 /* paper6.pdf */ = {isa = PBXFileReference; lastKnownFileType = image.pdf; path = paper6.pdf; sourceTree = "<group>"; };
		0DF63F4127E2FA79008A65F3 /* paper7.pdf */ = {isa = PBXFileReference; lastKnownFileType = image.pdf; path = paper7.pdf; sourceTree = "<group>"; };
		0DF63F4227E2FA79008A65F3 /* paper5.pdf */ = {isa = PBXFileReference; lastKnownFileType = image.pdf; path = paper5.pdf; sourceTree = "<group>"; };
		0DF63F4327E2FA79008A65F3 /* paper4.pdf */ = {isa = PBXFileReference; lastKnownFileType = image.pdf; path = paper4.pdf; sourceTree = "<group>"; };
		0DF63F4427E2FA79008A65F3 /* paper1.pdf */ = {isa = PBXFileReference; lastKnownFileType = image.pdf; path = paper1.pdf; sourceTree = "<group>"; };
		0DF63F4527E2FA79008A65F3 /* paper3.pdf */ = {isa = PBXFileReference; lastKnownFileType = image.pdf; path = paper3.pdf; sourceTree = "<group>"; };
		0DF63F4627E2FA79008A65F3 /* paper2.pdf */ = {isa = PBXFileReference; lastKnownFileType = image.pdf; path = paper2.pdf; sourceTree = "<group>"; };
		0DF63F4727E2FA79008A65F3 /* paper9.pdf */ = {isa = PBXFileReference; lastKnownFileType = image.pdf; path = paper9.pdf; sourceTree = "<group>"; };
		0DF63F4827E2FA79008A65F3 /* paper8.pdf */ = {isa = PBXFileReference; lastKnownFileType = image.pdf; path = paper8.pdf; sourceTree = "<group>"; };
/* End PBXFileReference section */

/* Begin PBXGroup section */
		0DF63F1227E11383008A65F3 = {
			isa = PBXGroup;
			children = (
				0DF63F3F27E2FA79008A65F3 /* papers */,
				0DF63F1E27E11ADF008A65F3 /* index.html */,
				0DF63F3A27E2C0DB008A65F3 /* essays.html */,
				0DF63F3927E2C0DB008A65F3 /* poetry.html */,
				0DF63F2C27E2C0DB008A65F3 /* artwork.html */,
				0DF63F3827E2C0DB008A65F3 /* about.html */,
				0DF63F3B27E2C984008A65F3 /* images */,
				0DF63F2D27E2C0DB008A65F3 /* css */,
				0DF63F3027E2C0DB008A65F3 /* js */,
			);
			sourceTree = "<group>";
		};
		0DF63F2D27E2C0DB008A65F3 /* css */ = {
			isa = PBXGroup;
			children = (
				0DF63F2E27E2C0DB008A65F3 /* main.css */,
			);
			path = css;
			sourceTree = "<group>";
		};
		0DF63F3027E2C0DB008A65F3 /* js */ = {
			isa = PBXGroup;
			children = (
				0DF63F3127E2C0DB008A65F3 /* breakpoints.min.js */,
				0DF63F3227E2C0DB008A65F3 /* util.js */,
				0DF63F3327E2C0DB008A65F3 /* jquery.scrolly.min.js */,
				0DF63F3427E2C0DB008A65F3 /* jquery.min.js */,
				0DF63F3527E2C0DB008A65F3 /* main.js */,
				0DF63F3627E2C0DB008A65F3 /* jquery.scrollex.min.js */,
				0DF63F3727E2C0DB008A65F3 /* browser.min.js */,
			);
			path = js;
			sourceTree = "<group>";
		};
		0DF63F3B27E2C984008A65F3 /* images */ = {
			isa = PBXGroup;
			children = (
				0DF63F3C27E2C984008A65F3 /* man.gif */,
			);
			path = images;
			sourceTree = "<group>";
		};
		0DF63F3F27E2FA79008A65F3 /* papers */ = {
			isa = PBXGroup;
			children = (
				0DF63F4027E2FA79008A65F3 /* paper6.pdf */,
				0DF63F4127E2FA79008A65F3 /* paper7.pdf */,
				0DF63F4227E2FA79008A65F3 /* paper5.pdf */,
				0DF63F4327E2FA79008A65F3 /* paper4.pdf */,
				0DF63F4427E2FA79008A65F3 /* paper1.pdf */,
				0DF63F4527E2FA79008A65F3 /* paper3.pdf */,
				0DF63F4627E2FA79008A65F3 /* paper2.pdf */,
				0DF63F4727E2FA79008A65F3 /* paper9.pdf */,
				0DF63F4827E2FA79008A65F3 /* paper8.pdf */,
			);
			path = papers;
			sourceTree = "<group>";
		};
/* End PBXGroup section */

/* Begin PBXProject section */
		0DF63F1327E11383008A65F3 /* Project object */ = {
			isa = PBXProject;
			attributes = {
				LastUpgradeCheck = 1250;
			};
			buildConfigurationList = 0DF63F1627E11383008A65F3 /* Build configuration list for PBXProject "calistaverse" */;
			compatibilityVersion = "Xcode 9.3";
			developmentRegion = en;
			hasScannedForEncodings = 0;
			knownRegions = (
				en,
				Base,
			);
			mainGroup = 0DF63F1227E11383008A65F3;
			projectDirPath = "";
			projectRoot = "";
			targets = (
			);
		};
/* End PBXProject section */

/* Begin XCBuildConfiguration section */
		0DF63F1727E11383008A65F3 /* Debug */ = {
			isa = XCBuildConfiguration;
			buildSettings = {
			};
			name = Debug;
		};
		0DF63F1827E11383008A65F3 /* Release */ = {
			isa = XCBuildConfiguration;
			buildSettings = {
			};
			name = Release;
		};
/* End XCBuildConfiguration section */

/* Begin XCConfigurationList section */
		0DF63F1627E11383008A65F3 /* Build configuration list for PBXProject "calistaverse" */ = {
			isa = XCConfigurationList;
			buildConfigurations = (
				0DF63F1727E11383008A65F3 /* Debug */,
				0DF63F1827E11383008A65F3 /* Release */,
			);
			defaultConfigurationIsVisible = 0;
			defaultConfigurationName = Release;
		};
/* End XCConfigurationList section */
	};
	rootObject = 0DF63F1327E11383008A65F3 /* Project object */;
}
